
Microsoft Visual Studio Solution File, Format Version 11.00
# Visual Studio 2010
Project("{FAE04EC0-301F-11D3-BF4B-00C04F79EFBC}") = "Assembly-CSharp", "Assembly-CSharp.csproj", "{6FB6EDFF-54B2-4F84-6EE0-7C8C4F250CDA}"
EndProject
Project("{FAE04EC0-301F-11D3-BF4B-00C04F79EFBC}") = "ScriptInspector", "ScriptInspector.csproj", "{03615876-A56A-ACC7-40CA-D4F65A5E528F}"
EndProject
Global
	GlobalSection(SolutionConfigurationPlatforms) = preSolution
		Debug|Any CPU = Debug|Any CPU
		Release|Any CPU = Release|Any CPU
	EndGlobalSection
	GlobalSection(ProjectConfigurationPlatforms) = postSolution
		{6FB6EDFF-54B2-4F84-6EE0-7C8C4F250CDA}.Debug|Any CPU.ActiveCfg = Debug|Any CPU
		{6FB6EDFF-54B2-4F84-6EE0-7C8C4F250CDA}.Debug|Any CPU.Build.0 = Debug|Any CPU
		{6FB6EDFF-54B2-4F84-6EE0-7C8C4F250CDA}.Release|Any CPU.ActiveCfg = Release|Any CPU
		{6FB6EDFF-54B2-4F84-6EE0-7C8C4F250CDA}.Release|Any CPU.Build.0 = Release|Any CPU
		{03615876-A56A-ACC7-40CA-D4F65A5E528F}.Debug|Any CPU.ActiveCfg = Debug|Any CPU
		{03615876-A56A-ACC7-40CA-D4F65A5E528F}.Debug|Any CPU.Build.0 = Debug|Any CPU
		{03615876-A56A-ACC7-40CA-D4F65A5E528F}.Release|Any CPU.ActiveCfg = Release|Any CPU
		{03615876-A56A-ACC7-40CA-D4F65A5E528F}.Release|Any CPU.Build.0 = Release|Any CPU
	EndGlobalSection
	GlobalSection(SolutionProperties) = preSolution
		HideSolutionNode = FALSE
	EndGlobalSection
EndGlobal
