
Microsoft Visual Studio Solution File, Format Version 11.00
# Visual Studio 2010
Project("{FAE04EC0-301F-11D3-BF4B-00C04F79EFBC}") = "Assembly-CSharp", "Assembly-CSharp.csproj", "{ffedb66f-b254-844f-6ee0-7c8c4f250cda}"
EndProject
Project("{FAE04EC0-301F-11D3-BF4B-00C04F79EFBC}") = "ScriptInspector", "ScriptInspector.csproj", "{76586103-6aa5-c7ac-40ca-d4f65a5e528f}"
EndProject
Global
	GlobalSection(SolutionConfigurationPlatforms) = preSolution
		Debug|Any CPU = Debug|Any CPU
	EndGlobalSection
	GlobalSection(ProjectConfigurationPlatforms) = postSolution
		{ffedb66f-b254-844f-6ee0-7c8c4f250cda}.Debug|Any CPU.ActiveCfg = Debug|Any CPU
		{ffedb66f-b254-844f-6ee0-7c8c4f250cda}.Debug|Any CPU.Build.0 = Debug|Any CPU
		{76586103-6aa5-c7ac-40ca-d4f65a5e528f}.Debug|Any CPU.ActiveCfg = Debug|Any CPU
		{76586103-6aa5-c7ac-40ca-d4f65a5e528f}.Debug|Any CPU.Build.0 = Debug|Any CPU
	EndGlobalSection
	GlobalSection(SolutionProperties) = preSolution
		HideSolutionNode = FALSE
	EndGlobalSection
EndGlobal
